
Microsoft Visual Studio Solution File, Format Version 12.00
# Visual Studio Version 16
VisualStudioVersion = 16.0.31129.286
MinimumVisualStudioVersion = 10.0.40219.1
Project("{F184B08F-C81C-45F6-A57F-5ABD9991F28F}") = "Projet IHM", "Projet IHM\Projet IHM.vbproj", "{2A850480-D61B-4DFF-BE87-D697CC2A7B2B}"
EndProject
Global
	GlobalSection(SolutionConfigurationPlatforms) = preSolution
		Debug|Any CPU = Debug|Any CPU
		Release|Any CPU = Release|Any CPU
	EndGlobalSection
	GlobalSection(ProjectConfigurationPlatforms) = postSolution
		{2A850480-D61B-4DFF-BE87-D697CC2A7B2B}.Debug|Any CPU.ActiveCfg = Debug|Any CPU
		{2A850480-D61B-4DFF-BE87-D697CC2A7B2B}.Debug|Any CPU.Build.0 = Debug|Any CPU
		{2A850480-D61B-4DFF-BE87-D697CC2A7B2B}.Release|Any CPU.ActiveCfg = Release|Any CPU
		{2A850480-D61B-4DFF-BE87-D697CC2A7B2B}.Release|Any CPU.Build.0 = Release|Any CPU
	EndGlobalSection
	GlobalSection(SolutionProperties) = preSolution
		HideSolutionNode = FALSE
	EndGlobalSection
	GlobalSection(ExtensibilityGlobals) = postSolution
		SolutionGuid = {8A1E3061-71DF-4EFB-8E2A-A7DBB71FA2B7}
	EndGlobalSection
EndGlobal
